# This file is automatically @generated by Wally.
# It is not intended for manual editing.
registry = "test"

[[package]]
name = "evaera/promise"
version = "4.0.0"
dependencies = []

[[package]]
name = "howmanysmall/already-janitor"
version = "1.16.0"
dependencies = [["Promise", "evaera/promise@4.0.0"]]
